
Microsoft Visual Studio Solution File, Format Version 12.00
# Visual Studio 15
VisualStudioVersion = 15.0.28307.329
MinimumVisualStudioVersion = 10.0.40219.1
Project("{FAE04EC0-301F-11D3-BF4B-00C04F79EFBC}") = "PokeApi", "PokeApi\PokeApi.csproj", "{06F21891-D429-4101-A160-1D75EE2760B5}"
EndProject
Global
	GlobalSection(SolutionConfigurationPlatforms) = preSolution
		Debug|Any CPU = Debug|Any CPU
		Release|Any CPU = Release|Any CPU
	EndGlobalSection
	GlobalSection(ProjectConfigurationPlatforms) = postSolution
		{06F21891-D429-4101-A160-1D75EE2760B5}.Debug|Any CPU.ActiveCfg = Debug|Any CPU
		{06F21891-D429-4101-A160-1D75EE2760B5}.Debug|Any CPU.Build.0 = Debug|Any CPU
		{06F21891-D429-4101-A160-1D75EE2760B5}.Release|Any CPU.ActiveCfg = Release|Any CPU
		{06F21891-D429-4101-A160-1D75EE2760B5}.Release|Any CPU.Build.0 = Release|Any CPU
	EndGlobalSection
	GlobalSection(SolutionProperties) = preSolution
		HideSolutionNode = FALSE
	EndGlobalSection
	GlobalSection(ExtensibilityGlobals) = postSolution
		SolutionGuid = {A490B28E-A484-42BF-8D23-6AD306C55DE9}
	EndGlobalSection
EndGlobal
